// !$*UTF8*$!
{
	archiveVersion = 1;
	classes = {
	};
	objectVersion = 51;
	objects = {

/* Begin PBXBuildFile section */
		01E38FC9244D25B100146B3C /* UIUtilities.swift in Sources */ = {isa = PBXBuildFile; fileRef = 01E38FC8244D25B100146B3C /* UIUtilities.swift */; };
		01E38FCB244D25C400146B3C /* CameraViewController.swift in Sources */ = {isa = PBXBuildFile; fileRef = 01E38FCA244D25C400146B3C /* CameraViewController.swift */; };
		01E38FD8244D3C7100146B3C /* MLKitExtensions.swift in Sources */ = {isa = PBXBuildFile; fileRef = 01E38FD7244D3C7100146B3C /* MLKitExtensions.swift */; };
		01E38FDA244D3C9400146B3C /* MLTableViewController.swift in Sources */ = {isa = PBXBuildFile; fileRef = 01E38FD9244D3C9400146B3C /* MLTableViewController.swift */; };
		01E38FDC244D65F800146B3C /* MLViewController.swift in Sources */ = {isa = PBXBuildFile; fileRef = 01E38FDB244D65F800146B3C /* MLViewController.swift */; };
		4E195D58244F80FE0006FBF2 /* justButtonsViewController.swift in Sources */ = {isa = PBXBuildFile; fileRef = 4E195D57244F80FE0006FBF2 /* justButtonsViewController.swift */; };
		4E96A905244C9088001D64E1 /* Random8ViewController.swift in Sources */ = {isa = PBXBuildFile; fileRef = 4E96A904244C9088001D64E1 /* Random8ViewController.swift */; };
		4E96A907244C969E001D64E1 /* Figure 8 Responses in Resources */ = {isa = PBXBuildFile; fileRef = 4E96A906244C969E001D64E1 /* Figure 8 Responses */; };
		4EC60DE72432389D00FD165D /* AppDelegate.swift in Sources */ = {isa = PBXBuildFile; fileRef = 4EC60DE62432389D00FD165D /* AppDelegate.swift */; };
		4EC60DE92432389E00FD165D /* SceneDelegate.swift in Sources */ = {isa = PBXBuildFile; fileRef = 4EC60DE82432389D00FD165D /* SceneDelegate.swift */; };
		4EC60DEB2432389E00FD165D /* ViewController.swift in Sources */ = {isa = PBXBuildFile; fileRef = 4EC60DEA2432389E00FD165D /* ViewController.swift */; };
		4EC60DEE2432389E00FD165D /* Main.storyboard in Resources */ = {isa = PBXBuildFile; fileRef = 4EC60DEC2432389E00FD165D /* Main.storyboard */; };
		4EC60DF02432389F00FD165D /* Assets.xcassets in Resources */ = {isa = PBXBuildFile; fileRef = 4EC60DEF2432389F00FD165D /* Assets.xcassets */; };
		4EC60DF32432389F00FD165D /* LaunchScreen.storyboard in Resources */ = {isa = PBXBuildFile; fileRef = 4EC60DF12432389F00FD165D /* LaunchScreen.storyboard */; };
		51395AD3243D997D0021EE01 /* allListsTableViewController.swift in Sources */ = {isa = PBXBuildFile; fileRef = 51395AD2243D997D0021EE01 /* allListsTableViewController.swift */; };
		51395AD6243D9FA40021EE01 /* allLists.xcdatamodeld in Sources */ = {isa = PBXBuildFile; fileRef = 51395AD4243D9FA40021EE01 /* allLists.xcdatamodeld */; };
		51CCA86C2441891500E354B4 /* GoogleService-Info.plist in Resources */ = {isa = PBXBuildFile; fileRef = 51CCA86B2441891500E354B4 /* GoogleService-Info.plist */; };
		51CCA8702442E1A800E354B4 /* oldListTableViewController.swift in Sources */ = {isa = PBXBuildFile; fileRef = 51CCA86F2442E1A800E354B4 /* oldListTableViewController.swift */; };
		51CCA8722442ECDE00E354B4 /* Choices.swift in Sources */ = {isa = PBXBuildFile; fileRef = 51CCA8712442ECDE00E354B4 /* Choices.swift */; };
		51CCA8762442FB8200E354B4 /* newListViewController.swift in Sources */ = {isa = PBXBuildFile; fileRef = 51CCA8752442FB8200E354B4 /* newListViewController.swift */; };
		51CCA8782443210D00E354B4 /* Lists.swift in Sources */ = {isa = PBXBuildFile; fileRef = 51CCA8772443210D00E354B4 /* Lists.swift */; };
		BB0950D464EB14C0C2BC9279 /* Pods_Choices.framework in Frameworks */ = {isa = PBXBuildFile; fileRef = 592E18C38D76C24967F55679 /* Pods_Choices.framework */; };
		E0C109C52447FDD30018B024 /* RandomChoice.swift in Sources */ = {isa = PBXBuildFile; fileRef = E0C109C42447FDD30018B024 /* RandomChoice.swift */; };
		E0F96E012442AFA10013FA75 /* CreateAccountViewController.swift in Sources */ = {isa = PBXBuildFile; fileRef = E0F96E002442AFA10013FA75 /* CreateAccountViewController.swift */; };
/* End PBXBuildFile section */

/* Begin PBXFileReference section */
		01E38FC8244D25B100146B3C /* UIUtilities.swift */ = {isa = PBXFileReference; fileEncoding = 4; lastKnownFileType = sourcecode.swift; path = UIUtilities.swift; sourceTree = "<group>"; };
		01E38FCA244D25C400146B3C /* CameraViewController.swift */ = {isa = PBXFileReference; fileEncoding = 4; lastKnownFileType = sourcecode.swift; path = CameraViewController.swift; sourceTree = "<group>"; };
		01E38FD7244D3C7100146B3C /* MLKitExtensions.swift */ = {isa = PBXFileReference; fileEncoding = 4; lastKnownFileType = sourcecode.swift; path = MLKitExtensions.swift; sourceTree = "<group>"; };
		01E38FD9244D3C9400146B3C /* MLTableViewController.swift */ = {isa = PBXFileReference; lastKnownFileType = sourcecode.swift; path = MLTableViewController.swift; sourceTree = "<group>"; };
		01E38FDB244D65F800146B3C /* MLViewController.swift */ = {isa = PBXFileReference; lastKnownFileType = sourcecode.swift; path = MLViewController.swift; sourceTree = "<group>"; };
		0DD26AC64DC804A2FEB7DE69 /* Pods-Choices.release.xcconfig */ = {isa = PBXFileReference; includeInIndex = 1; lastKnownFileType = text.xcconfig; name = "Pods-Choices.release.xcconfig"; path = "Target Support Files/Pods-Choices/Pods-Choices.release.xcconfig"; sourceTree = "<group>"; };
		4E195D57244F80FE0006FBF2 /* justButtonsViewController.swift */ = {isa = PBXFileReference; lastKnownFileType = sourcecode.swift; path = justButtonsViewController.swift; sourceTree = "<group>"; };
		4E859ED1244604FE00B00A3E /* en */ = {isa = PBXFileReference; lastKnownFileType = text.plist.strings; name = en; path = en.lproj/Main.strings; sourceTree = "<group>"; };
		4E96A904244C9088001D64E1 /* Random8ViewController.swift */ = {isa = PBXFileReference; lastKnownFileType = sourcecode.swift; path = Random8ViewController.swift; sourceTree = "<group>"; };
		4E96A906244C969E001D64E1 /* Figure 8 Responses */ = {isa = PBXFileReference; lastKnownFileType = folder; path = "Figure 8 Responses"; sourceTree = "<group>"; };
		4EC60DE32432389D00FD165D /* eenie.app */ = {isa = PBXFileReference; explicitFileType = wrapper.application; includeInIndex = 0; path = eenie.app; sourceTree = BUILT_PRODUCTS_DIR; };
		4EC60DE62432389D00FD165D /* AppDelegate.swift */ = {isa = PBXFileReference; lastKnownFileType = sourcecode.swift; path = AppDelegate.swift; sourceTree = "<group>"; };
		4EC60DE82432389D00FD165D /* SceneDelegate.swift */ = {isa = PBXFileReference; lastKnownFileType = sourcecode.swift; path = SceneDelegate.swift; sourceTree = "<group>"; };
		4EC60DEA2432389E00FD165D /* ViewController.swift */ = {isa = PBXFileReference; lastKnownFileType = sourcecode.swift; path = ViewController.swift; sourceTree = "<group>"; };
		4EC60DED2432389E00FD165D /* Base */ = {isa = PBXFileReference; lastKnownFileType = file.storyboard; name = Base; path = Base.lproj/Main.storyboard; sourceTree = "<group>"; };
		4EC60DEF2432389F00FD165D /* Assets.xcassets */ = {isa = PBXFileReference; lastKnownFileType = folder.assetcatalog; path = Assets.xcassets; sourceTree = "<group>"; };
		4EC60DF22432389F00FD165D /* Base */ = {isa = PBXFileReference; lastKnownFileType = file.storyboard; name = Base; path = Base.lproj/LaunchScreen.storyboard; sourceTree = "<group>"; };
		4EC60DF42432389F00FD165D /* Info.plist */ = {isa = PBXFileReference; lastKnownFileType = text.plist.xml; path = Info.plist; sourceTree = "<group>"; };
		51395AD2243D997D0021EE01 /* allListsTableViewController.swift */ = {isa = PBXFileReference; lastKnownFileType = sourcecode.swift; path = allListsTableViewController.swift; sourceTree = "<group>"; };
		51395AD5243D9FA40021EE01 /* allLists.xcdatamodel */ = {isa = PBXFileReference; lastKnownFileType = wrapper.xcdatamodel; path = allLists.xcdatamodel; sourceTree = "<group>"; };
		51CCA86B2441891500E354B4 /* GoogleService-Info.plist */ = {isa = PBXFileReference; fileEncoding = 4; lastKnownFileType = text.plist.xml; path = "GoogleService-Info.plist"; sourceTree = "<group>"; };
		51CCA86F2442E1A800E354B4 /* oldListTableViewController.swift */ = {isa = PBXFileReference; lastKnownFileType = sourcecode.swift; path = oldListTableViewController.swift; sourceTree = "<group>"; };
		51CCA8712442ECDE00E354B4 /* Choices.swift */ = {isa = PBXFileReference; lastKnownFileType = sourcecode.swift; path = Choices.swift; sourceTree = "<group>"; };
		51CCA8752442FB8200E354B4 /* newListViewController.swift */ = {isa = PBXFileReference; lastKnownFileType = sourcecode.swift; path = newListViewController.swift; sourceTree = "<group>"; };
		51CCA8772443210D00E354B4 /* Lists.swift */ = {isa = PBXFileReference; lastKnownFileType = sourcecode.swift; path = Lists.swift; sourceTree = "<group>"; };
		592E18C38D76C24967F55679 /* Pods_Choices.framework */ = {isa = PBXFileReference; explicitFileType = wrapper.framework; includeInIndex = 0; path = Pods_Choices.framework; sourceTree = BUILT_PRODUCTS_DIR; };
		6E3BADE517A307CDC8B822B9 /* Pods-Choices.debug.xcconfig */ = {isa = PBXFileReference; includeInIndex = 1; lastKnownFileType = text.xcconfig; name = "Pods-Choices.debug.xcconfig"; path = "Target Support Files/Pods-Choices/Pods-Choices.debug.xcconfig"; sourceTree = "<group>"; };
		E0C109C42447FDD30018B024 /* RandomChoice.swift */ = {isa = PBXFileReference; lastKnownFileType = sourcecode.swift; path = RandomChoice.swift; sourceTree = "<group>"; };
		E0F96E002442AFA10013FA75 /* CreateAccountViewController.swift */ = {isa = PBXFileReference; lastKnownFileType = sourcecode.swift; path = CreateAccountViewController.swift; sourceTree = "<group>"; };
/* End PBXFileReference section */

/* Begin PBXFrameworksBuildPhase section */
		4EC60DE02432389D00FD165D /* Frameworks */ = {
			isa = PBXFrameworksBuildPhase;
			buildActionMask = 2147483647;
			files = (
				BB0950D464EB14C0C2BC9279 /* Pods_Choices.framework in Frameworks */,
			);
			runOnlyForDeploymentPostprocessing = 0;
		};
/* End PBXFrameworksBuildPhase section */

/* Begin PBXGroup section */
		01E38FC5244D254400146B3C /* MLVision */ = {
			isa = PBXGroup;
			children = (
				01E38FD7244D3C7100146B3C /* MLKitExtensions.swift */,
				01E38FD9244D3C9400146B3C /* MLTableViewController.swift */,
				01E38FCA244D25C400146B3C /* CameraViewController.swift */,
				01E38FC8244D25B100146B3C /* UIUtilities.swift */,
				01E38FDB244D65F800146B3C /* MLViewController.swift */,
			);
			path = MLVision;
			sourceTree = "<group>";
		};
		4EC60DDA2432389D00FD165D = {
			isa = PBXGroup;
			children = (
				4EC60DE52432389D00FD165D /* Choices */,
				4EC60DE42432389D00FD165D /* Products */,
				919D14344D7202419AA1DB78 /* Pods */,
				9533DB15B80D56E614729037 /* Frameworks */,
			);
			sourceTree = "<group>";
		};
		4EC60DE42432389D00FD165D /* Products */ = {
			isa = PBXGroup;
			children = (
				4EC60DE32432389D00FD165D /* eenie.app */,
			);
			name = Products;
			sourceTree = "<group>";
		};
		4EC60DE52432389D00FD165D /* Choices */ = {
			isa = PBXGroup;
			children = (
				01E38FC5244D254400146B3C /* MLVision */,
				4EC60DE62432389D00FD165D /* AppDelegate.swift */,
				4EC60DE82432389D00FD165D /* SceneDelegate.swift */,
				4EC60DEA2432389E00FD165D /* ViewController.swift */,
				4EC60DEC2432389E00FD165D /* Main.storyboard */,
				4E195D57244F80FE0006FBF2 /* justButtonsViewController.swift */,
				4E96A904244C9088001D64E1 /* Random8ViewController.swift */,
				51CCA86F2442E1A800E354B4 /* oldListTableViewController.swift */,
				51CCA8752442FB8200E354B4 /* newListViewController.swift */,
				51CCA8712442ECDE00E354B4 /* Choices.swift */,
				51395AD2243D997D0021EE01 /* allListsTableViewController.swift */,
				51CCA8772443210D00E354B4 /* Lists.swift */,
				51395AD4243D9FA40021EE01 /* allLists.xcdatamodeld */,
				4EC60DEF2432389F00FD165D /* Assets.xcassets */,
				4E96A906244C969E001D64E1 /* Figure 8 Responses */,
				4EC60DF12432389F00FD165D /* LaunchScreen.storyboard */,
				51CCA86B2441891500E354B4 /* GoogleService-Info.plist */,
				4EC60DF42432389F00FD165D /* Info.plist */,
				E0F96E002442AFA10013FA75 /* CreateAccountViewController.swift */,
				E0C109C42447FDD30018B024 /* RandomChoice.swift */,
			);
			path = Choices;
			sourceTree = "<group>";
		};
		919D14344D7202419AA1DB78 /* Pods */ = {
			isa = PBXGroup;
			children = (
				6E3BADE517A307CDC8B822B9 /* Pods-Choices.debug.xcconfig */,
				0DD26AC64DC804A2FEB7DE69 /* Pods-Choices.release.xcconfig */,
			);
			path = Pods;
			sourceTree = "<group>";
		};
		9533DB15B80D56E614729037 /* Frameworks */ = {
			isa = PBXGroup;
			children = (
				592E18C38D76C24967F55679 /* Pods_Choices.framework */,
			);
			name = Frameworks;
			sourceTree = "<group>";
		};
/* End PBXGroup section */

/* Begin PBXNativeTarget section */
		4EC60DE22432389D00FD165D /* Choices */ = {
			isa = PBXNativeTarget;
			buildConfigurationList = 4EC60DF72432389F00FD165D /* Build configuration list for PBXNativeTarget "Choices" */;
			buildPhases = (
				81E235A5ACFBE08025043E63 /* [CP] Check Pods Manifest.lock */,
				4EC60DDF2432389D00FD165D /* Sources */,
				4EC60DE02432389D00FD165D /* Frameworks */,
				4EC60DE12432389D00FD165D /* Resources */,
				B756A37618F0DFF57233A4CE /* [CP] Copy Pods Resources */,
			);
			buildRules = (
			);
			dependencies = (
			);
			name = Choices;
			productName = Choices;
			productReference = 4EC60DE32432389D00FD165D /* eenie.app */;
			productType = "com.apple.product-type.application";
		};
/* End PBXNativeTarget section */

/* Begin PBXProject section */
		4EC60DDB2432389D00FD165D /* Project object */ = {
			isa = PBXProject;
			attributes = {
				LastSwiftUpdateCheck = 1130;
				LastUpgradeCheck = 1130;
				ORGANIZATIONNAME = "Callie Scholer";
				TargetAttributes = {
					4EC60DE22432389D00FD165D = {
						CreatedOnToolsVersion = 11.3.1;
					};
				};
			};
			buildConfigurationList = 4EC60DDE2432389D00FD165D /* Build configuration list for PBXProject "Choices" */;
			compatibilityVersion = "Xcode 9.3";
			developmentRegion = en;
			hasScannedForEncodings = 0;
			knownRegions = (
				en,
				Base,
			);
			mainGroup = 4EC60DDA2432389D00FD165D;
			productRefGroup = 4EC60DE42432389D00FD165D /* Products */;
			projectDirPath = "";
			projectRoot = "";
			targets = (
				4EC60DE22432389D00FD165D /* Choices */,
			);
		};
/* End PBXProject section */

/* Begin PBXResourcesBuildPhase section */
		4EC60DE12432389D00FD165D /* Resources */ = {
			isa = PBXResourcesBuildPhase;
			buildActionMask = 2147483647;
			files = (
				4EC60DF32432389F00FD165D /* LaunchScreen.storyboard in Resources */,
				4E96A907244C969E001D64E1 /* Figure 8 Responses in Resources */,
				51CCA86C2441891500E354B4 /* GoogleService-Info.plist in Resources */,
				4EC60DF02432389F00FD165D /* Assets.xcassets in Resources */,
				4EC60DEE2432389E00FD165D /* Main.storyboard in Resources */,
			);
			runOnlyForDeploymentPostprocessing = 0;
		};
/* End PBXResourcesBuildPhase section */

/* Begin PBXShellScriptBuildPhase section */
		81E235A5ACFBE08025043E63 /* [CP] Check Pods Manifest.lock */ = {
			isa = PBXShellScriptBuildPhase;
			buildActionMask = 2147483647;
			files = (
			);
			inputFileListPaths = (
			);
			inputPaths = (
				"${PODS_PODFILE_DIR_PATH}/Podfile.lock",
				"${PODS_ROOT}/Manifest.lock",
			);
			name = "[CP] Check Pods Manifest.lock";
			outputFileListPaths = (
			);
			outputPaths = (
				"$(DERIVED_FILE_DIR)/Pods-Choices-checkManifestLockResult.txt",
			);
			runOnlyForDeploymentPostprocessing = 0;
			shellPath = /bin/sh;
			shellScript = "diff \"${PODS_PODFILE_DIR_PATH}/Podfile.lock\" \"${PODS_ROOT}/Manifest.lock\" > /dev/null\nif [ $? != 0 ] ; then\n    # print error to STDERR\n    echo \"error: The sandbox is not in sync with the Podfile.lock. Run 'pod install' or update your CocoaPods installation.\" >&2\n    exit 1\nfi\n# This output is used by Xcode 'outputs' to avoid re-running this script phase.\necho \"SUCCESS\" > \"${SCRIPT_OUTPUT_FILE_0}\"\n";
			showEnvVarsInLog = 0;
		};
		B756A37618F0DFF57233A4CE /* [CP] Copy Pods Resources */ = {
			isa = PBXShellScriptBuildPhase;
			buildActionMask = 2147483647;
			files = (
			);
			inputFileListPaths = (
				"${PODS_ROOT}/Target Support Files/Pods-Choices/Pods-Choices-resources-${CONFIGURATION}-input-files.xcfilelist",
			);
			name = "[CP] Copy Pods Resources";
			outputFileListPaths = (
				"${PODS_ROOT}/Target Support Files/Pods-Choices/Pods-Choices-resources-${CONFIGURATION}-output-files.xcfilelist",
			);
			runOnlyForDeploymentPostprocessing = 0;
			shellPath = /bin/sh;
			shellScript = "\"${PODS_ROOT}/Target Support Files/Pods-Choices/Pods-Choices-resources.sh\"\n";
			showEnvVarsInLog = 0;
		};
/* End PBXShellScriptBuildPhase section */

/* Begin PBXSourcesBuildPhase section */
		4EC60DDF2432389D00FD165D /* Sources */ = {
			isa = PBXSourcesBuildPhase;
			buildActionMask = 2147483647;
			files = (
				01E38FDA244D3C9400146B3C /* MLTableViewController.swift in Sources */,
				01E38FDC244D65F800146B3C /* MLViewController.swift in Sources */,
				01E38FD8244D3C7100146B3C /* MLKitExtensions.swift in Sources */,
				E0F96E012442AFA10013FA75 /* CreateAccountViewController.swift in Sources */,
				4EC60DEB2432389E00FD165D /* ViewController.swift in Sources */,
				4E96A905244C9088001D64E1 /* Random8ViewController.swift in Sources */,
				01E38FC9244D25B100146B3C /* UIUtilities.swift in Sources */,
				4EC60DE72432389D00FD165D /* AppDelegate.swift in Sources */,
				51CCA8782443210D00E354B4 /* Lists.swift in Sources */,
				51CCA8702442E1A800E354B4 /* oldListTableViewController.swift in Sources */,
				4E195D58244F80FE0006FBF2 /* justButtonsViewController.swift in Sources */,
				51395AD6243D9FA40021EE01 /* allLists.xcdatamodeld in Sources */,
				4EC60DE92432389E00FD165D /* SceneDelegate.swift in Sources */,
				51CCA8722442ECDE00E354B4 /* Choices.swift in Sources */,
				E0C109C52447FDD30018B024 /* RandomChoice.swift in Sources */,
				51395AD3243D997D0021EE01 /* allListsTableViewController.swift in Sources */,
				01E38FCB244D25C400146B3C /* CameraViewController.swift in Sources */,
				51CCA8762442FB8200E354B4 /* newListViewController.swift in Sources */,
			);
			runOnlyForDeploymentPostprocessing = 0;
		};
/* End PBXSourcesBuildPhase section */

/* Begin PBXVariantGroup section */
		4EC60DEC2432389E00FD165D /* Main.storyboard */ = {
			isa = PBXVariantGroup;
			children = (
				4EC60DED2432389E00FD165D /* Base */,
				4E859ED1244604FE00B00A3E /* en */,
			);
			name = Main.storyboard;
			sourceTree = "<group>";
		};
		4EC60DF12432389F00FD165D /* LaunchScreen.storyboard */ = {
			isa = PBXVariantGroup;
			children = (
				4EC60DF22432389F00FD165D /* Base */,
			);
			name = LaunchScreen.storyboard;
			sourceTree = "<group>";
		};
/* End PBXVariantGroup section */

/* Begin XCBuildConfiguration section */
		4EC60DF52432389F00FD165D /* Debug */ = {
			isa = XCBuildConfiguration;
			buildSettings = {
				ALWAYS_SEARCH_USER_PATHS = NO;
				CLANG_ANALYZER_NONNULL = YES;
				CLANG_ANALYZER_NUMBER_OBJECT_CONVERSION = YES_AGGRESSIVE;
				CLANG_CXX_LANGUAGE_STANDARD = "gnu++14";
				CLANG_CXX_LIBRARY = "libc++";
				CLANG_ENABLE_MODULES = YES;
				CLANG_ENABLE_OBJC_ARC = YES;
				CLANG_ENABLE_OBJC_WEAK = YES;
				CLANG_WARN_BLOCK_CAPTURE_AUTORELEASING = YES;
				CLANG_WARN_BOOL_CONVERSION = YES;
				CLANG_WARN_COMMA = YES;
				CLANG_WARN_CONSTANT_CONVERSION = YES;
				CLANG_WARN_DEPRECATED_OBJC_IMPLEMENTATIONS = YES;
				CLANG_WARN_DIRECT_OBJC_ISA_USAGE = YES_ERROR;
				CLANG_WARN_DOCUMENTATION_COMMENTS = YES;
				CLANG_WARN_EMPTY_BODY = YES;
				CLANG_WARN_ENUM_CONVERSION = YES;
				CLANG_WARN_INFINITE_RECURSION = YES;
				CLANG_WARN_INT_CONVERSION = YES;
				CLANG_WARN_NON_LITERAL_NULL_CONVERSION = YES;
				CLANG_WARN_OBJC_IMPLICIT_RETAIN_SELF = YES;
				CLANG_WARN_OBJC_LITERAL_CONVERSION = YES;
				CLANG_WARN_OBJC_ROOT_CLASS = YES_ERROR;
				CLANG_WARN_RANGE_LOOP_ANALYSIS = YES;
				CLANG_WARN_STRICT_PROTOTYPES = YES;
				CLANG_WARN_SUSPICIOUS_MOVE = YES;
				CLANG_WARN_UNGUARDED_AVAILABILITY = YES_AGGRESSIVE;
				CLANG_WARN_UNREACHABLE_CODE = YES;
				CLANG_WARN__DUPLICATE_METHOD_MATCH = YES;
				COPY_PHASE_STRIP = NO;
				DEBUG_INFORMATION_FORMAT = dwarf;
				ENABLE_STRICT_OBJC_MSGSEND = YES;
				ENABLE_TESTABILITY = YES;
				GCC_C_LANGUAGE_STANDARD = gnu11;
				GCC_DYNAMIC_NO_PIC = NO;
				GCC_NO_COMMON_BLOCKS = YES;
				GCC_OPTIMIZATION_LEVEL = 0;
				GCC_PREPROCESSOR_DEFINITIONS = (
					"DEBUG=1",
					"$(inherited)",
				);
				GCC_WARN_64_TO_32_BIT_CONVERSION = YES;
				GCC_WARN_ABOUT_RETURN_TYPE = YES_ERROR;
				GCC_WARN_UNDECLARED_SELECTOR = YES;
				GCC_WARN_UNINITIALIZED_AUTOS = YES_AGGRESSIVE;
				GCC_WARN_UNUSED_FUNCTION = YES;
				GCC_WARN_UNUSED_VARIABLE = YES;
				IPHONEOS_DEPLOYMENT_TARGET = 13.2;
				MTL_ENABLE_DEBUG_INFO = INCLUDE_SOURCE;
				MTL_FAST_MATH = YES;
				ONLY_ACTIVE_ARCH = YES;
				SDKROOT = iphoneos;
				SWIFT_ACTIVE_COMPILATION_CONDITIONS = DEBUG;
				SWIFT_OPTIMIZATION_LEVEL = "-Onone";
			};
			name = Debug;
		};
		4EC60DF62432389F00FD165D /* Release */ = {
			isa = XCBuildConfiguration;
			buildSettings = {
				ALWAYS_SEARCH_USER_PATHS = NO;
				CLANG_ANALYZER_NONNULL = YES;
				CLANG_ANALYZER_NUMBER_OBJECT_CONVERSION = YES_AGGRESSIVE;
				CLANG_CXX_LANGUAGE_STANDARD = "gnu++14";
				CLANG_CXX_LIBRARY = "libc++";
				CLANG_ENABLE_MODULES = YES;
				CLANG_ENABLE_OBJC_ARC = YES;
				CLANG_ENABLE_OBJC_WEAK = YES;
				CLANG_WARN_BLOCK_CAPTURE_AUTORELEASING = YES;
				CLANG_WARN_BOOL_CONVERSION = YES;
				CLANG_WARN_COMMA = YES;
				CLANG_WARN_CONSTANT_CONVERSION = YES;
				CLANG_WARN_DEPRECATED_OBJC_IMPLEMENTATIONS = YES;
				CLANG_WARN_DIRECT_OBJC_ISA_USAGE = YES_ERROR;
				CLANG_WARN_DOCUMENTATION_COMMENTS = YES;
				CLANG_WARN_EMPTY_BODY = YES;
				CLANG_WARN_ENUM_CONVERSION = YES;
				CLANG_WARN_INFINITE_RECURSION = YES;
				CLANG_WARN_INT_CONVERSION = YES;
				CLANG_WARN_NON_LITERAL_NULL_CONVERSION = YES;
				CLANG_WARN_OBJC_IMPLICIT_RETAIN_SELF = YES;
				CLANG_WARN_OBJC_LITERAL_CONVERSION = YES;
				CLANG_WARN_OBJC_ROOT_CLASS = YES_ERROR;
				CLANG_WARN_RANGE_LOOP_ANALYSIS = YES;
				CLANG_WARN_STRICT_PROTOTYPES = YES;
				CLANG_WARN_SUSPICIOUS_MOVE = YES;
				CLANG_WARN_UNGUARDED_AVAILABILITY = YES_AGGRESSIVE;
				CLANG_WARN_UNREACHABLE_CODE = YES;
				CLANG_WARN__DUPLICATE_METHOD_MATCH = YES;
				COPY_PHASE_STRIP = NO;
				DEBUG_INFORMATION_FORMAT = "dwarf-with-dsym";
				ENABLE_NS_ASSERTIONS = NO;
				ENABLE_STRICT_OBJC_MSGSEND = YES;
				GCC_C_LANGUAGE_STANDARD = gnu11;
				GCC_NO_COMMON_BLOCKS = YES;
				GCC_WARN_64_TO_32_BIT_CONVERSION = YES;
				GCC_WARN_ABOUT_RETURN_TYPE = YES_ERROR;
				GCC_WARN_UNDECLARED_SELECTOR = YES;
				GCC_WARN_UNINITIALIZED_AUTOS = YES_AGGRESSIVE;
				GCC_WARN_UNUSED_FUNCTION = YES;
				GCC_WARN_UNUSED_VARIABLE = YES;
				IPHONEOS_DEPLOYMENT_TARGET = 13.2;
				MTL_ENABLE_DEBUG_INFO = NO;
				MTL_FAST_MATH = YES;
				SDKROOT = iphoneos;
				SWIFT_COMPILATION_MODE = wholemodule;
				SWIFT_OPTIMIZATION_LEVEL = "-O";
				VALIDATE_PRODUCT = YES;
			};
			name = Release;
		};
		4EC60DF82432389F00FD165D /* Debug */ = {
			isa = XCBuildConfiguration;
			baseConfigurationReference = 6E3BADE517A307CDC8B822B9 /* Pods-Choices.debug.xcconfig */;
			buildSettings = {
				ASSETCATALOG_COMPILER_APPICON_NAME = AppIcon;
				CODE_SIGN_STYLE = Automatic;
				INFOPLIST_FILE = Choices/Info.plist;
				LD_RUNPATH_SEARCH_PATHS = (
					"$(inherited)",
					"@executable_path/Frameworks",
				);
				PRODUCT_BUNDLE_IDENTIFIER = com.callie.Choices;
				PRODUCT_NAME = eenie;
				SWIFT_VERSION = 5.0;
				TARGETED_DEVICE_FAMILY = "1,2";
			};
			name = Debug;
		};
		4EC60DF92432389F00FD165D /* Release */ = {
			isa = XCBuildConfiguration;
			baseConfigurationReference = 0DD26AC64DC804A2FEB7DE69 /* Pods-Choices.release.xcconfig */;
			buildSettings = {
				ASSETCATALOG_COMPILER_APPICON_NAME = AppIcon;
				CODE_SIGN_STYLE = Automatic;
				INFOPLIST_FILE = Choices/Info.plist;
				LD_RUNPATH_SEARCH_PATHS = (
					"$(inherited)",
					"@executable_path/Frameworks",
				);
				PRODUCT_BUNDLE_IDENTIFIER = com.callie.Choices;
				PRODUCT_NAME = eenie;
				SWIFT_VERSION = 5.0;
				TARGETED_DEVICE_FAMILY = "1,2";
			};
			name = Release;
		};
/* End XCBuildConfiguration section */

/* Begin XCConfigurationList section */
		4EC60DDE2432389D00FD165D /* Build configuration list for PBXProject "Choices" */ = {
			isa = XCConfigurationList;
			buildConfigurations = (
				4EC60DF52432389F00FD165D /* Debug */,
				4EC60DF62432389F00FD165D /* Release */,
			);
			defaultConfigurationIsVisible = 0;
			defaultConfigurationName = Release;
		};
		4EC60DF72432389F00FD165D /* Build configuration list for PBXNativeTarget "Choices" */ = {
			isa = XCConfigurationList;
			buildConfigurations = (
				4EC60DF82432389F00FD165D /* Debug */,
				4EC60DF92432389F00FD165D /* Release */,
			);
			defaultConfigurationIsVisible = 0;
			defaultConfigurationName = Release;
		};
/* End XCConfigurationList section */

/* Begin XCVersionGroup section */
		51395AD4243D9FA40021EE01 /* allLists.xcdatamodeld */ = {
			isa = XCVersionGroup;
			children = (
				51395AD5243D9FA40021EE01 /* allLists.xcdatamodel */,
			);
			currentVersion = 51395AD5243D9FA40021EE01 /* allLists.xcdatamodel */;
			path = allLists.xcdatamodeld;
			sourceTree = "<group>";
			versionGroupType = wrapper.xcdatamodel;
		};
/* End XCVersionGroup section */
	};
	rootObject = 4EC60DDB2432389D00FD165D /* Project object */;
}
